// !$*UTF8*$!
{
	archiveVersion = 1;
	classes = {
	};
	objectVersion = 51;
	objects = {

/* Begin PBXBuildFile section */
		4F5956DEE86B2691A01A4414 /* Pods_KudinovSA_HW2_9.framework in Frameworks */ = {isa = PBXBuildFile; fileRef = 923EC1F15A7DAA922972BDC0 /* Pods_KudinovSA_HW2_9.framework */; };
		C52E333226BB1F37000691FB /* AppDelegate.swift in Sources */ = {isa = PBXBuildFile; fileRef = C52E333126BB1F37000691FB /* AppDelegate.swift */; };
		C52E333426BB1F37000691FB /* SceneDelegate.swift in Sources */ = {isa = PBXBuildFile; fileRef = C52E333326BB1F37000691FB /* SceneDelegate.swift */; };
		C52E333626BB1F37000691FB /* ViewController.swift in Sources */ = {isa = PBXBuildFile; fileRef = C52E333526BB1F37000691FB /* ViewController.swift */; };
		C52E333926BB1F37000691FB /* Main.storyboard in Resources */ = {isa = PBXBuildFile; fileRef = C52E333726BB1F37000691FB /* Main.storyboard */; };
		C52E333B26BB1F38000691FB /* Assets.xcassets in Resources */ = {isa = PBXBuildFile; fileRef = C52E333A26BB1F38000691FB /* Assets.xcassets */; };
		C52E333E26BB1F38000691FB /* LaunchScreen.storyboard in Resources */ = {isa = PBXBuildFile; fileRef = C52E333C26BB1F38000691FB /* LaunchScreen.storyboard */; };
		C52E334626BB3641000691FB /* Model.swift in Sources */ = {isa = PBXBuildFile; fileRef = C52E334526BB3641000691FB /* Model.swift */; };
/* End PBXBuildFile section */

/* Begin PBXFileReference section */
		923EC1F15A7DAA922972BDC0 /* Pods_KudinovSA_HW2_9.framework */ = {isa = PBXFileReference; explicitFileType = wrapper.framework; includeInIndex = 0; path = Pods_KudinovSA_HW2_9.framework; sourceTree = BUILT_PRODUCTS_DIR; };
		C52E332E26BB1F37000691FB /* KudinovSA_HW2.9.app */ = {isa = PBXFileReference; explicitFileType = wrapper.application; includeInIndex = 0; path = KudinovSA_HW2.9.app; sourceTree = BUILT_PRODUCTS_DIR; };
		C52E333126BB1F37000691FB /* AppDelegate.swift */ = {isa = PBXFileReference; lastKnownFileType = sourcecode.swift; path = AppDelegate.swift; sourceTree = "<group>"; };
		C52E333326BB1F37000691FB /* SceneDelegate.swift */ = {isa = PBXFileReference; lastKnownFileType = sourcecode.swift; path = SceneDelegate.swift; sourceTree = "<group>"; };
		C52E333526BB1F37000691FB /* ViewController.swift */ = {isa = PBXFileReference; lastKnownFileType = sourcecode.swift; path = ViewController.swift; sourceTree = "<group>"; };
		C52E333826BB1F37000691FB /* Base */ = {isa = PBXFileReference; lastKnownFileType = file.storyboard; name = Base; path = Base.lproj/Main.storyboard; sourceTree = "<group>"; };
		C52E333A26BB1F38000691FB /* Assets.xcassets */ = {isa = PBXFileReference; lastKnownFileType = folder.assetcatalog; path = Assets.xcassets; sourceTree = "<group>"; };
		C52E333D26BB1F38000691FB /* Base */ = {isa = PBXFileReference; lastKnownFileType = file.storyboard; name = Base; path = Base.lproj/LaunchScreen.storyboard; sourceTree = "<group>"; };
		C52E333F26BB1F38000691FB /* Info.plist */ = {isa = PBXFileReference; lastKnownFileType = text.plist.xml; path = Info.plist; sourceTree = "<group>"; };
		C52E334526BB3641000691FB /* Model.swift */ = {isa = PBXFileReference; lastKnownFileType = sourcecode.swift; path = Model.swift; sourceTree = "<group>"; };
		DE17B1AB6A4610EF71D1C1A5 /* Pods-KudinovSA_HW2.9.release.xcconfig */ = {isa = PBXFileReference; includeInIndex = 1; lastKnownFileType = text.xcconfig; name = "Pods-KudinovSA_HW2.9.release.xcconfig"; path = "Target Support Files/Pods-KudinovSA_HW2.9/Pods-KudinovSA_HW2.9.release.xcconfig"; sourceTree = "<group>"; };
		F8F083AFCC8FD41E9975C0CF /* Pods-KudinovSA_HW2.9.debug.xcconfig */ = {isa = PBXFileReference; includeInIndex = 1; lastKnownFileType = text.xcconfig; name = "Pods-KudinovSA_HW2.9.debug.xcconfig"; path = "Target Support Files/Pods-KudinovSA_HW2.9/Pods-KudinovSA_HW2.9.debug.xcconfig"; sourceTree = "<group>"; };
/* End PBXFileReference section */

/* Begin PBXFrameworksBuildPhase section */
		C52E332B26BB1F37000691FB /* Frameworks */ = {
			isa = PBXFrameworksBuildPhase;
			buildActionMask = 2147483647;
			files = (
				4F5956DEE86B2691A01A4414 /* Pods_KudinovSA_HW2_9.framework in Frameworks */,
			);
			runOnlyForDeploymentPostprocessing = 0;
		};
/* End PBXFrameworksBuildPhase section */

/* Begin PBXGroup section */
		0F7F95AD38570BCFF38F8B7D /* Frameworks */ = {
			isa = PBXGroup;
			children = (
				923EC1F15A7DAA922972BDC0 /* Pods_KudinovSA_HW2_9.framework */,
			);
			name = Frameworks;
			sourceTree = "<group>";
		};
		49661E7AAB6E53AB58E4E59B /* Pods */ = {
			isa = PBXGroup;
			children = (
				F8F083AFCC8FD41E9975C0CF /* Pods-KudinovSA_HW2.9.debug.xcconfig */,
				DE17B1AB6A4610EF71D1C1A5 /* Pods-KudinovSA_HW2.9.release.xcconfig */,
			);
			path = Pods;
			sourceTree = "<group>";
		};
		C52E332526BB1F37000691FB = {
			isa = PBXGroup;
			children = (
				C52E333026BB1F37000691FB /* KudinovSA_HW2.9 */,
				C52E332F26BB1F37000691FB /* Products */,
				49661E7AAB6E53AB58E4E59B /* Pods */,
				0F7F95AD38570BCFF38F8B7D /* Frameworks */,
			);
			sourceTree = "<group>";
		};
		C52E332F26BB1F37000691FB /* Products */ = {
			isa = PBXGroup;
			children = (
				C52E332E26BB1F37000691FB /* KudinovSA_HW2.9.app */,
			);
			name = Products;
			sourceTree = "<group>";
		};
		C52E333026BB1F37000691FB /* KudinovSA_HW2.9 */ = {
			isa = PBXGroup;
			children = (
				C52E334B26BB4141000691FB /* Services */,
				C52E334A26BB4128000691FB /* ViewControllers */,
				C52E334926BB411B000691FB /* Storyboards */,
				C52E334826BB4103000691FB /* Resources */,
				C52E334726BB40F8000691FB /* Models */,
			);
			path = KudinovSA_HW2.9;
			sourceTree = "<group>";
		};
		C52E334726BB40F8000691FB /* Models */ = {
			isa = PBXGroup;
			children = (
				C52E334526BB3641000691FB /* Model.swift */,
			);
			path = Models;
			sourceTree = "<group>";
		};
		C52E334826BB4103000691FB /* Resources */ = {
			isa = PBXGroup;
			children = (
				C52E333A26BB1F38000691FB /* Assets.xcassets */,
			);
			path = Resources;
			sourceTree = "<group>";
		};
		C52E334926BB411B000691FB /* Storyboards */ = {
			isa = PBXGroup;
			children = (
				C52E333C26BB1F38000691FB /* LaunchScreen.storyboard */,
				C52E333726BB1F37000691FB /* Main.storyboard */,
			);
			path = Storyboards;
			sourceTree = "<group>";
		};
		C52E334A26BB4128000691FB /* ViewControllers */ = {
			isa = PBXGroup;
			children = (
				C52E333526BB1F37000691FB /* ViewController.swift */,
			);
			path = ViewControllers;
			sourceTree = "<group>";
		};
		C52E334B26BB4141000691FB /* Services */ = {
			isa = PBXGroup;
			children = (
				C52E333126BB1F37000691FB /* AppDelegate.swift */,
				C52E333F26BB1F38000691FB /* Info.plist */,
				C52E333326BB1F37000691FB /* SceneDelegate.swift */,
			);
			path = Services;
			sourceTree = "<group>";
		};
/* End PBXGroup section */

/* Begin PBXNativeTarget section */
		C52E332D26BB1F37000691FB /* KudinovSA_HW2.9 */ = {
			isa = PBXNativeTarget;
			buildConfigurationList = C52E334226BB1F38000691FB /* Build configuration list for PBXNativeTarget "KudinovSA_HW2.9" */;
			buildPhases = (
				6AD69F0BADBD291005737BF9 /* [CP] Check Pods Manifest.lock */,
				C52E332A26BB1F37000691FB /* Sources */,
				C52E332B26BB1F37000691FB /* Frameworks */,
				C52E332C26BB1F37000691FB /* Resources */,
				C7BDCF4600C43B704958DEEB /* [CP] Embed Pods Frameworks */,
			);
			buildRules = (
			);
			dependencies = (
			);
			name = KudinovSA_HW2.9;
			productName = KudinovSA_HW2.9;
			productReference = C52E332E26BB1F37000691FB /* KudinovSA_HW2.9.app */;
			productType = "com.apple.product-type.application";
		};
/* End PBXNativeTarget section */

/* Begin PBXProject section */
		C52E332626BB1F37000691FB /* Project object */ = {
			isa = PBXProject;
			attributes = {
				LastSwiftUpdateCheck = 1250;
				LastUpgradeCheck = 1250;
				TargetAttributes = {
					C52E332D26BB1F37000691FB = {
						CreatedOnToolsVersion = 12.5;
					};
				};
			};
			buildConfigurationList = C52E332926BB1F37000691FB /* Build configuration list for PBXProject "KudinovSA_HW2.9" */;
			compatibilityVersion = "Xcode 9.3";
			developmentRegion = en;
			hasScannedForEncodings = 0;
			knownRegions = (
				en,
				Base,
			);
			mainGroup = C52E332526BB1F37000691FB;
			productRefGroup = C52E332F26BB1F37000691FB /* Products */;
			projectDirPath = "";
			projectRoot = "";
			targets = (
				C52E332D26BB1F37000691FB /* KudinovSA_HW2.9 */,
			);
		};
/* End PBXProject section */

/* Begin PBXResourcesBuildPhase section */
		C52E332C26BB1F37000691FB /* Resources */ = {
			isa = PBXResourcesBuildPhase;
			buildActionMask = 2147483647;
			files = (
				C52E333E26BB1F38000691FB /* LaunchScreen.storyboard in Resources */,
				C52E333B26BB1F38000691FB /* Assets.xcassets in Resources */,
				C52E333926BB1F37000691FB /* Main.storyboard in Resources */,
			);
			runOnlyForDeploymentPostprocessing = 0;
		};
/* End PBXResourcesBuildPhase section */

/* Begin PBXShellScriptBuildPhase section */
		6AD69F0BADBD291005737BF9 /* [CP] Check Pods Manifest.lock */ = {
			isa = PBXShellScriptBuildPhase;
			buildActionMask = 2147483647;
			files = (
			);
			inputFileListPaths = (
			);
			inputPaths = (
				"${PODS_PODFILE_DIR_PATH}/Podfile.lock",
				"${PODS_ROOT}/Manifest.lock",
			);
			name = "[CP] Check Pods Manifest.lock";
			outputFileListPaths = (
			);
			outputPaths = (
				"$(DERIVED_FILE_DIR)/Pods-KudinovSA_HW2.9-checkManifestLockResult.txt",
			);
			runOnlyForDeploymentPostprocessing = 0;
			shellPath = /bin/sh;
			shellScript = "diff \"${PODS_PODFILE_DIR_PATH}/Podfile.lock\" \"${PODS_ROOT}/Manifest.lock\" > /dev/null\nif [ $? != 0 ] ; then\n    # print error to STDERR\n    echo \"error: The sandbox is not in sync with the Podfile.lock. Run 'pod install' or update your CocoaPods installation.\" >&2\n    exit 1\nfi\n# This output is used by Xcode 'outputs' to avoid re-running this script phase.\necho \"SUCCESS\" > \"${SCRIPT_OUTPUT_FILE_0}\"\n";
			showEnvVarsInLog = 0;
		};
		C7BDCF4600C43B704958DEEB /* [CP] Embed Pods Frameworks */ = {
			isa = PBXShellScriptBuildPhase;
			buildActionMask = 2147483647;
			files = (
			);
			inputFileListPaths = (
				"${PODS_ROOT}/Target Support Files/Pods-KudinovSA_HW2.9/Pods-KudinovSA_HW2.9-frameworks-${CONFIGURATION}-input-files.xcfilelist",
			);
			name = "[CP] Embed Pods Frameworks";
			outputFileListPaths = (
				"${PODS_ROOT}/Target Support Files/Pods-KudinovSA_HW2.9/Pods-KudinovSA_HW2.9-frameworks-${CONFIGURATION}-output-files.xcfilelist",
			);
			runOnlyForDeploymentPostprocessing = 0;
			shellPath = /bin/sh;
			shellScript = "\"${PODS_ROOT}/Target Support Files/Pods-KudinovSA_HW2.9/Pods-KudinovSA_HW2.9-frameworks.sh\"\n";
			showEnvVarsInLog = 0;
		};
/* End PBXShellScriptBuildPhase section */

/* Begin PBXSourcesBuildPhase section */
		C52E332A26BB1F37000691FB /* Sources */ = {
			isa = PBXSourcesBuildPhase;
			buildActionMask = 2147483647;
			files = (
				C52E333626BB1F37000691FB /* ViewController.swift in Sources */,
				C52E333226BB1F37000691FB /* AppDelegate.swift in Sources */,
				C52E333426BB1F37000691FB /* SceneDelegate.swift in Sources */,
				C52E334626BB3641000691FB /* Model.swift in Sources */,
			);
			runOnlyForDeploymentPostprocessing = 0;
		};
/* End PBXSourcesBuildPhase section */

/* Begin PBXVariantGroup section */
		C52E333726BB1F37000691FB /* Main.storyboard */ = {
			isa = PBXVariantGroup;
			children = (
				C52E333826BB1F37000691FB /* Base */,
			);
			name = Main.storyboard;
			sourceTree = "<group>";
		};
		C52E333C26BB1F38000691FB /* LaunchScreen.storyboard */ = {
			isa = PBXVariantGroup;
			children = (
				C52E333D26BB1F38000691FB /* Base */,
			);
			name = LaunchScreen.storyboard;
			sourceTree = "<group>";
		};
/* End PBXVariantGroup section */

/* Begin XCBuildConfiguration section */
		C52E334026BB1F38000691FB /* Debug */ = {
			isa = XCBuildConfiguration;
			buildSettings = {
				ALWAYS_SEARCH_USER_PATHS = NO;
				CLANG_ANALYZER_NONNULL = YES;
				CLANG_ANALYZER_NUMBER_OBJECT_CONVERSION = YES_AGGRESSIVE;
				CLANG_CXX_LANGUAGE_STANDARD = "gnu++14";
				CLANG_CXX_LIBRARY = "libc++";
				CLANG_ENABLE_MODULES = YES;
				CLANG_ENABLE_OBJC_ARC = YES;
				CLANG_ENABLE_OBJC_WEAK = YES;
				CLANG_WARN_BLOCK_CAPTURE_AUTORELEASING = YES;
				CLANG_WARN_BOOL_CONVERSION = YES;
				CLANG_WARN_COMMA = YES;
				CLANG_WARN_CONSTANT_CONVERSION = YES;
				CLANG_WARN_DEPRECATED_OBJC_IMPLEMENTATIONS = YES;
				CLANG_WARN_DIRECT_OBJC_ISA_USAGE = YES_ERROR;
				CLANG_WARN_DOCUMENTATION_COMMENTS = YES;
				CLANG_WARN_EMPTY_BODY = YES;
				CLANG_WARN_ENUM_CONVERSION = YES;
				CLANG_WARN_INFINITE_RECURSION = YES;
				CLANG_WARN_INT_CONVERSION = YES;
				CLANG_WARN_NON_LITERAL_NULL_CONVERSION = YES;
				CLANG_WARN_OBJC_IMPLICIT_RETAIN_SELF = YES;
				CLANG_WARN_OBJC_LITERAL_CONVERSION = YES;
				CLANG_WARN_OBJC_ROOT_CLASS = YES_ERROR;
				CLANG_WARN_QUOTED_INCLUDE_IN_FRAMEWORK_HEADER = YES;
				CLANG_WARN_RANGE_LOOP_ANALYSIS = YES;
				CLANG_WARN_STRICT_PROTOTYPES = YES;
				CLANG_WARN_SUSPICIOUS_MOVE = YES;
				CLANG_WARN_UNGUARDED_AVAILABILITY = YES_AGGRESSIVE;
				CLANG_WARN_UNREACHABLE_CODE = YES;
				CLANG_WARN__DUPLICATE_METHOD_MATCH = YES;
				COPY_PHASE_STRIP = NO;
				DEBUG_INFORMATION_FORMAT = dwarf;
				ENABLE_STRICT_OBJC_MSGSEND = YES;
				ENABLE_TESTABILITY = YES;
				GCC_C_LANGUAGE_STANDARD = gnu11;
				GCC_DYNAMIC_NO_PIC = NO;
				GCC_NO_COMMON_BLOCKS = YES;
				GCC_OPTIMIZATION_LEVEL = 0;
				GCC_PREPROCESSOR_DEFINITIONS = (
					"DEBUG=1",
					"$(inherited)",
				);
				GCC_WARN_64_TO_32_BIT_CONVERSION = YES;
				GCC_WARN_ABOUT_RETURN_TYPE = YES_ERROR;
				GCC_WARN_UNDECLARED_SELECTOR = YES;
				GCC_WARN_UNINITIALIZED_AUTOS = YES_AGGRESSIVE;
				GCC_WARN_UNUSED_FUNCTION = YES;
				GCC_WARN_UNUSED_VARIABLE = YES;
				IPHONEOS_DEPLOYMENT_TARGET = 14.5;
				MTL_ENABLE_DEBUG_INFO = INCLUDE_SOURCE;
				MTL_FAST_MATH = YES;
				ONLY_ACTIVE_ARCH = YES;
				SDKROOT = iphoneos;
				SWIFT_ACTIVE_COMPILATION_CONDITIONS = DEBUG;
				SWIFT_OPTIMIZATION_LEVEL = "-Onone";
			};
			name = Debug;
		};
		C52E334126BB1F38000691FB /* Release */ = {
			isa = XCBuildConfiguration;
			buildSettings = {
				ALWAYS_SEARCH_USER_PATHS = NO;
				CLANG_ANALYZER_NONNULL = YES;
				CLANG_ANALYZER_NUMBER_OBJECT_CONVERSION = YES_AGGRESSIVE;
				CLANG_CXX_LANGUAGE_STANDARD = "gnu++14";
				CLANG_CXX_LIBRARY = "libc++";
				CLANG_ENABLE_MODULES = YES;
				CLANG_ENABLE_OBJC_ARC = YES;
				CLANG_ENABLE_OBJC_WEAK = YES;
				CLANG_WARN_BLOCK_CAPTURE_AUTORELEASING = YES;
				CLANG_WARN_BOOL_CONVERSION = YES;
				CLANG_WARN_COMMA = YES;
				CLANG_WARN_CONSTANT_CONVERSION = YES;
				CLANG_WARN_DEPRECATED_OBJC_IMPLEMENTATIONS = YES;
				CLANG_WARN_DIRECT_OBJC_ISA_USAGE = YES_ERROR;
				CLANG_WARN_DOCUMENTATION_COMMENTS = YES;
				CLANG_WARN_EMPTY_BODY = YES;
				CLANG_WARN_ENUM_CONVERSION = YES;
				CLANG_WARN_INFINITE_RECURSION = YES;
				CLANG_WARN_INT_CONVERSION = YES;
				CLANG_WARN_NON_LITERAL_NULL_CONVERSION = YES;
				CLANG_WARN_OBJC_IMPLICIT_RETAIN_SELF = YES;
				CLANG_WARN_OBJC_LITERAL_CONVERSION = YES;
				CLANG_WARN_OBJC_ROOT_CLASS = YES_ERROR;
				CLANG_WARN_QUOTED_INCLUDE_IN_FRAMEWORK_HEADER = YES;
				CLANG_WARN_RANGE_LOOP_ANALYSIS = YES;
				CLANG_WARN_STRICT_PROTOTYPES = YES;
				CLANG_WARN_SUSPICIOUS_MOVE = YES;
				CLANG_WARN_UNGUARDED_AVAILABILITY = YES_AGGRESSIVE;
				CLANG_WARN_UNREACHABLE_CODE = YES;
				CLANG_WARN__DUPLICATE_METHOD_MATCH = YES;
				COPY_PHASE_STRIP = NO;
				DEBUG_INFORMATION_FORMAT = "dwarf-with-dsym";
				ENABLE_NS_ASSERTIONS = NO;
				ENABLE_STRICT_OBJC_MSGSEND = YES;
				GCC_C_LANGUAGE_STANDARD = gnu11;
				GCC_NO_COMMON_BLOCKS = YES;
				GCC_WARN_64_TO_32_BIT_CONVERSION = YES;
				GCC_WARN_ABOUT_RETURN_TYPE = YES_ERROR;
				GCC_WARN_UNDECLARED_SELECTOR = YES;
				GCC_WARN_UNINITIALIZED_AUTOS = YES_AGGRESSIVE;
				GCC_WARN_UNUSED_FUNCTION = YES;
				GCC_WARN_UNUSED_VARIABLE = YES;
				IPHONEOS_DEPLOYMENT_TARGET = 14.5;
				MTL_ENABLE_DEBUG_INFO = NO;
				MTL_FAST_MATH = YES;
				SDKROOT = iphoneos;
				SWIFT_COMPILATION_MODE = wholemodule;
				SWIFT_OPTIMIZATION_LEVEL = "-O";
				VALIDATE_PRODUCT = YES;
			};
			name = Release;
		};
		C52E334326BB1F38000691FB /* Debug */ = {
			isa = XCBuildConfiguration;
			baseConfigurationReference = F8F083AFCC8FD41E9975C0CF /* Pods-KudinovSA_HW2.9.debug.xcconfig */;
			buildSettings = {
				ASSETCATALOG_COMPILER_APPICON_NAME = AppIcon;
				ASSETCATALOG_COMPILER_GLOBAL_ACCENT_COLOR_NAME = AccentColor;
				CODE_SIGN_STYLE = Automatic;
				DEVELOPMENT_TEAM = 754D6797UK;
				INFOPLIST_FILE = KudinovSA_HW2.9/Services/Info.plist;
				LD_RUNPATH_SEARCH_PATHS = (
					"$(inherited)",
					"@executable_path/Frameworks",
				);
				PRODUCT_BUNDLE_IDENTIFIER = "sergeiKudinov.KudinovSA-HW2-9";
				PRODUCT_NAME = "$(TARGET_NAME)";
				SWIFT_VERSION = 5.0;
				TARGETED_DEVICE_FAMILY = "1,2";
			};
			name = Debug;
		};
		C52E334426BB1F38000691FB /* Release */ = {
			isa = XCBuildConfiguration;
			baseConfigurationReference = DE17B1AB6A4610EF71D1C1A5 /* Pods-KudinovSA_HW2.9.release.xcconfig */;
			buildSettings = {
				ASSETCATALOG_COMPILER_APPICON_NAME = AppIcon;
				ASSETCATALOG_COMPILER_GLOBAL_ACCENT_COLOR_NAME = AccentColor;
				CODE_SIGN_STYLE = Automatic;
				DEVELOPMENT_TEAM = 754D6797UK;
				INFOPLIST_FILE = KudinovSA_HW2.9/Services/Info.plist;
				LD_RUNPATH_SEARCH_PATHS = (
					"$(inherited)",
					"@executable_path/Frameworks",
				);
				PRODUCT_BUNDLE_IDENTIFIER = "sergeiKudinov.KudinovSA-HW2-9";
				PRODUCT_NAME = "$(TARGET_NAME)";
				SWIFT_VERSION = 5.0;
				TARGETED_DEVICE_FAMILY = "1,2";
			};
			name = Release;
		};
/* End XCBuildConfiguration section */

/* Begin XCConfigurationList section */
		C52E332926BB1F37000691FB /* Build configuration list for PBXProject "KudinovSA_HW2.9" */ = {
			isa = XCConfigurationList;
			buildConfigurations = (
				C52E334026BB1F38000691FB /* Debug */,
				C52E334126BB1F38000691FB /* Release */,
			);
			defaultConfigurationIsVisible = 0;
			defaultConfigurationName = Release;
		};
		C52E334226BB1F38000691FB /* Build configuration list for PBXNativeTarget "KudinovSA_HW2.9" */ = {
			isa = XCConfigurationList;
			buildConfigurations = (
				C52E334326BB1F38000691FB /* Debug */,
				C52E334426BB1F38000691FB /* Release */,
			);
			defaultConfigurationIsVisible = 0;
			defaultConfigurationName = Release;
		};
/* End XCConfigurationList section */
	};
	rootObject = C52E332626BB1F37000691FB /* Project object */;
}
